
Microsoft Visual Studio Solution File, Format Version 12.00
# Visual Studio Version 17
VisualStudioVersion = 17.1.32210.238
MinimumVisualStudioVersion = 10.0.40219.1
Project("{FAE04EC0-301F-11D3-BF4B-00C04F79EFBC}") = "Sl.JsonExtensions", "Sl.JsonExtensions\Sl.JsonExtensions.csproj", "{2E89C897-7845-41FD-8F33-95691C8D836A}"
EndProject
Global
	GlobalSection(SolutionConfigurationPlatforms) = preSolution
		Debug|Any CPU = Debug|Any CPU
		Release|Any CPU = Release|Any CPU
	EndGlobalSection
	GlobalSection(ProjectConfigurationPlatforms) = postSolution
		{2E89C897-7845-41FD-8F33-95691C8D836A}.Debug|Any CPU.ActiveCfg = Debug|Any CPU
		{2E89C897-7845-41FD-8F33-95691C8D836A}.Debug|Any CPU.Build.0 = Debug|Any CPU
		{2E89C897-7845-41FD-8F33-95691C8D836A}.Release|Any CPU.ActiveCfg = Release|Any CPU
		{2E89C897-7845-41FD-8F33-95691C8D836A}.Release|Any CPU.Build.0 = Release|Any CPU
	EndGlobalSection
	GlobalSection(SolutionProperties) = preSolution
		HideSolutionNode = FALSE
	EndGlobalSection
	GlobalSection(ExtensibilityGlobals) = postSolution
		SolutionGuid = {9BDF6455-F04A-4DEB-9280-8B5AC07F954F}
	EndGlobalSection
EndGlobal
